{
  "name": "convertlabel",
  "lockfileVersion": 3,
  "requires": true,
  "packages": {
    "": {
      "dependencies": {
        "lucide": "^0.399.0"
      }
    },
    "node_modules/lucide": {
      "version": "0.399.0",
      "resolved": "https://registry.npmjs.org/lucide/-/lucide-0.399.0.tgz",
      "integrity": "sha512-dC8nkK01ZtPh5PENjI/ny/10fLY5S/TmWTlmgQbqUfph8KjwPvhYwzAaXwX9BICeV1DWJUocMe2lIeg7vQc1og==",
      "license": "ISC"
    }
  }
}
